// !$*UTF8*$!
{
	archiveVersion = 1;
	classes = {
	};
	objectVersion = 46;
	objects = {

/* Begin PBXBuildFile section */
		A113039B19E3370200A55B6B /* AppDelegate.swift in Sources */ = {isa = PBXBuildFile; fileRef = A113039A19E3370200A55B6B /* AppDelegate.swift */; };
		A113039D19E3370200A55B6B /* ViewController.swift in Sources */ = {isa = PBXBuildFile; fileRef = A113039C19E3370200A55B6B /* ViewController.swift */; };
		A11303A019E3370200A55B6B /* Main.storyboard in Resources */ = {isa = PBXBuildFile; fileRef = A113039E19E3370200A55B6B /* Main.storyboard */; };
		A11303A219E3370200A55B6B /* Images.xcassets in Resources */ = {isa = PBXBuildFile; fileRef = A11303A119E3370200A55B6B /* Images.xcassets */; };
		A11303A519E3370200A55B6B /* LaunchScreen.xib in Resources */ = {isa = PBXBuildFile; fileRef = A11303A319E3370200A55B6B /* LaunchScreen.xib */; };
		A11303B119E3370200A55B6B /* WebContentTests.swift in Sources */ = {isa = PBXBuildFile; fileRef = A11303B019E3370200A55B6B /* WebContentTests.swift */; };
/* End PBXBuildFile section */

/* Begin PBXContainerItemProxy section */
		A11303AB19E3370200A55B6B /* PBXContainerItemProxy */ = {
			isa = PBXContainerItemProxy;
			containerPortal = A113038D19E3370200A55B6B /* Project object */;
			proxyType = 1;
			remoteGlobalIDString = A113039419E3370200A55B6B;
			remoteInfo = WebContent;
		};
/* End PBXContainerItemProxy section */

/* Begin PBXFileReference section */
		A113039519E3370200A55B6B /* WebContent.app */ = {isa = PBXFileReference; explicitFileType = wrapper.application; includeInIndex = 0; path = WebContent.app; sourceTree = BUILT_PRODUCTS_DIR; };
		A113039919E3370200A55B6B /* Info.plist */ = {isa = PBXFileReference; lastKnownFileType = text.plist.xml; path = Info.plist; sourceTree = "<group>"; };
		A113039A19E3370200A55B6B /* AppDelegate.swift */ = {isa = PBXFileReference; lastKnownFileType = sourcecode.swift; path = AppDelegate.swift; sourceTree = "<group>"; };
		A113039C19E3370200A55B6B /* ViewController.swift */ = {isa = PBXFileReference; lastKnownFileType = sourcecode.swift; path = ViewController.swift; sourceTree = "<group>"; };
		A113039F19E3370200A55B6B /* Base */ = {isa = PBXFileReference; lastKnownFileType = file.storyboard; name = Base; path = Base.lproj/Main.storyboard; sourceTree = "<group>"; };
		A11303A119E3370200A55B6B /* Images.xcassets */ = {isa = PBXFileReference; lastKnownFileType = folder.assetcatalog; path = Images.xcassets; sourceTree = "<group>"; };
		A11303A419E3370200A55B6B /* Base */ = {isa = PBXFileReference; lastKnownFileType = file.xib; name = Base; path = Base.lproj/LaunchScreen.xib; sourceTree = "<group>"; };
		A11303AA19E3370200A55B6B /* WebContentTests.xctest */ = {isa = PBXFileReference; explicitFileType = wrapper.cfbundle; includeInIndex = 0; path = WebContentTests.xctest; sourceTree = BUILT_PRODUCTS_DIR; };
		A11303AF19E3370200A55B6B /* Info.plist */ = {isa = PBXFileReference; lastKnownFileType = text.plist.xml; path = Info.plist; sourceTree = "<group>"; };
		A11303B019E3370200A55B6B /* WebContentTests.swift */ = {isa = PBXFileReference; lastKnownFileType = sourcecode.swift; path = WebContentTests.swift; sourceTree = "<group>"; };
/* End PBXFileReference section */

/* Begin PBXFrameworksBuildPhase section */
		A113039219E3370200A55B6B /* Frameworks */ = {
			isa = PBXFrameworksBuildPhase;
			buildActionMask = 2147483647;
			files = (
			);
			runOnlyForDeploymentPostprocessing = 0;
		};
		A11303A719E3370200A55B6B /* Frameworks */ = {
			isa = PBXFrameworksBuildPhase;
			buildActionMask = 2147483647;
			files = (
			);
			runOnlyForDeploymentPostprocessing = 0;
		};
/* End PBXFrameworksBuildPhase section */

/* Begin PBXGroup section */
		A113038C19E3370200A55B6B = {
			isa = PBXGroup;
			children = (
				A113039719E3370200A55B6B /* WebContent */,
				A11303AD19E3370200A55B6B /* WebContentTests */,
				A113039619E3370200A55B6B /* Products */,
			);
			sourceTree = "<group>";
		};
		A113039619E3370200A55B6B /* Products */ = {
			isa = PBXGroup;
			children = (
				A113039519E3370200A55B6B /* WebContent.app */,
				A11303AA19E3370200A55B6B /* WebContentTests.xctest */,
			);
			name = Products;
			sourceTree = "<group>";
		};
		A113039719E3370200A55B6B /* WebContent */ = {
			isa = PBXGroup;
			children = (
				A113039A19E3370200A55B6B /* AppDelegate.swift */,
				A113039C19E3370200A55B6B /* ViewController.swift */,
				A113039E19E3370200A55B6B /* Main.storyboard */,
				A11303A119E3370200A55B6B /* Images.xcassets */,
				A11303A319E3370200A55B6B /* LaunchScreen.xib */,
				A113039819E3370200A55B6B /* Supporting Files */,
			);
			path = WebContent;
			sourceTree = "<group>";
		};
		A113039819E3370200A55B6B /* Supporting Files */ = {
			isa = PBXGroup;
			children = (
				A113039919E3370200A55B6B /* Info.plist */,
			);
			name = "Supporting Files";
			sourceTree = "<group>";
		};
		A11303AD19E3370200A55B6B /* WebContentTests */ = {
			isa = PBXGroup;
			children = (
				A11303B019E3370200A55B6B /* WebContentTests.swift */,
				A11303AE19E3370200A55B6B /* Supporting Files */,
			);
			path = WebContentTests;
			sourceTree = "<group>";
		};
		A11303AE19E3370200A55B6B /* Supporting Files */ = {
			isa = PBXGroup;
			children = (
				A11303AF19E3370200A55B6B /* Info.plist */,
			);
			name = "Supporting Files";
			sourceTree = "<group>";
		};
/* End PBXGroup section */

/* Begin PBXNativeTarget section */
		A113039419E3370200A55B6B /* WebContent */ = {
			isa = PBXNativeTarget;
			buildConfigurationList = A11303B419E3370200A55B6B /* Build configuration list for PBXNativeTarget "WebContent" */;
			buildPhases = (
				A113039119E3370200A55B6B /* Sources */,
				A113039219E3370200A55B6B /* Frameworks */,
				A113039319E3370200A55B6B /* Resources */,
			);
			buildRules = (
			);
			dependencies = (
			);
			name = WebContent;
			productName = WebContent;
			productReference = A113039519E3370200A55B6B /* WebContent.app */;
			productType = "com.apple.product-type.application";
		};
		A11303A919E3370200A55B6B /* WebContentTests */ = {
			isa = PBXNativeTarget;
			buildConfigurationList = A11303B719E3370200A55B6B /* Build configuration list for PBXNativeTarget "WebContentTests" */;
			buildPhases = (
				A11303A619E3370200A55B6B /* Sources */,
				A11303A719E3370200A55B6B /* Frameworks */,
				A11303A819E3370200A55B6B /* Resources */,
			);
			buildRules = (
			);
			dependencies = (
				A11303AC19E3370200A55B6B /* PBXTargetDependency */,
			);
			name = WebContentTests;
			productName = WebContentTests;
			productReference = A11303AA19E3370200A55B6B /* WebContentTests.xctest */;
			productType = "com.apple.product-type.bundle.unit-test";
		};
/* End PBXNativeTarget section */

/* Begin PBXProject section */
		A113038D19E3370200A55B6B /* Project object */ = {
			isa = PBXProject;
			attributes = {
				LastUpgradeCheck = 0600;
				ORGANIZATIONNAME = BallisticSoft;
				TargetAttributes = {
					A113039419E3370200A55B6B = {
						CreatedOnToolsVersion = 6.0.1;
					};
					A11303A919E3370200A55B6B = {
						CreatedOnToolsVersion = 6.0.1;
						TestTargetID = A113039419E3370200A55B6B;
					};
				};
			};
			buildConfigurationList = A113039019E3370200A55B6B /* Build configuration list for PBXProject "WebContent" */;
			compatibilityVersion = "Xcode 3.2";
			developmentRegion = English;
			hasScannedForEncodings = 0;
			knownRegions = (
				en,
				Base,
			);
			mainGroup = A113038C19E3370200A55B6B;
			productRefGroup = A113039619E3370200A55B6B /* Products */;
			projectDirPath = "";
			projectRoot = "";
			targets = (
				A113039419E3370200A55B6B /* WebContent */,
				A11303A919E3370200A55B6B /* WebContentTests */,
			);
		};
/* End PBXProject section */

/* Begin PBXResourcesBuildPhase section */
		A113039319E3370200A55B6B /* Resources */ = {
			isa = PBXResourcesBuildPhase;
			buildActionMask = 2147483647;
			files = (
				A11303A019E3370200A55B6B /* Main.storyboard in Resources */,
				A11303A519E3370200A55B6B /* LaunchScreen.xib in Resources */,
				A11303A219E3370200A55B6B /* Images.xcassets in Resources */,
			);
			runOnlyForDeploymentPostprocessing = 0;
		};
		A11303A819E3370200A55B6B /* Resources */ = {
			isa = PBXResourcesBuildPhase;
			buildActionMask = 2147483647;
			files = (
			);
			runOnlyForDeploymentPostprocessing = 0;
		};
/* End PBXResourcesBuildPhase section */

/* Begin PBXSourcesBuildPhase section */
		A113039119E3370200A55B6B /* Sources */ = {
			isa = PBXSourcesBuildPhase;
			buildActionMask = 2147483647;
			files = (
				A113039D19E3370200A55B6B /* ViewController.swift in Sources */,
				A113039B19E3370200A55B6B /* AppDelegate.swift in Sources */,
			);
			runOnlyForDeploymentPostprocessing = 0;
		};
		A11303A619E3370200A55B6B /* Sources */ = {
			isa = PBXSourcesBuildPhase;
			buildActionMask = 2147483647;
			files = (
				A11303B119E3370200A55B6B /* WebContentTests.swift in Sources */,
			);
			runOnlyForDeploymentPostprocessing = 0;
		};
/* End PBXSourcesBuildPhase section */

/* Begin PBXTargetDependency section */
		A11303AC19E3370200A55B6B /* PBXTargetDependency */ = {
			isa = PBXTargetDependency;
			target = A113039419E3370200A55B6B /* WebContent */;
			targetProxy = A11303AB19E3370200A55B6B /* PBXContainerItemProxy */;
		};
/* End PBXTargetDependency section */

/* Begin PBXVariantGroup section */
		A113039E19E3370200A55B6B /* Main.storyboard */ = {
			isa = PBXVariantGroup;
			children = (
				A113039F19E3370200A55B6B /* Base */,
			);
			name = Main.storyboard;
			sourceTree = "<group>";
		};
		A11303A319E3370200A55B6B /* LaunchScreen.xib */ = {
			isa = PBXVariantGroup;
			children = (
				A11303A419E3370200A55B6B /* Base */,
			);
			name = LaunchScreen.xib;
			sourceTree = "<group>";
		};
/* End PBXVariantGroup section */

/* Begin XCBuildConfiguration section */
		A11303B219E3370200A55B6B /* Debug */ = {
			isa = XCBuildConfiguration;
			buildSettings = {
				ALWAYS_SEARCH_USER_PATHS = NO;
				CLANG_CXX_LANGUAGE_STANDARD = "gnu++0x";
				CLANG_CXX_LIBRARY = "libc++";
				CLANG_ENABLE_MODULES = YES;
				CLANG_ENABLE_OBJC_ARC = YES;
				CLANG_WARN_BOOL_CONVERSION = YES;
				CLANG_WARN_CONSTANT_CONVERSION = YES;
				CLANG_WARN_DIRECT_OBJC_ISA_USAGE = YES_ERROR;
				CLANG_WARN_EMPTY_BODY = YES;
				CLANG_WARN_ENUM_CONVERSION = YES;
				CLANG_WARN_INT_CONVERSION = YES;
				CLANG_WARN_OBJC_ROOT_CLASS = YES_ERROR;
				CLANG_WARN_UNREACHABLE_CODE = YES;
				CLANG_WARN__DUPLICATE_METHOD_MATCH = YES;
				"CODE_SIGN_IDENTITY[sdk=iphoneos*]" = "iPhone Developer";
				COPY_PHASE_STRIP = NO;
				ENABLE_STRICT_OBJC_MSGSEND = YES;
				GCC_C_LANGUAGE_STANDARD = gnu99;
				GCC_DYNAMIC_NO_PIC = NO;
				GCC_OPTIMIZATION_LEVEL = 0;
				GCC_PREPROCESSOR_DEFINITIONS = (
					"DEBUG=1",
					"$(inherited)",
				);
				GCC_SYMBOLS_PRIVATE_EXTERN = NO;
				GCC_WARN_64_TO_32_BIT_CONVERSION = YES;
				GCC_WARN_ABOUT_RETURN_TYPE = YES_ERROR;
				GCC_WARN_UNDECLARED_SELECTOR = YES;
				GCC_WARN_UNINITIALIZED_AUTOS = YES_AGGRESSIVE;
				GCC_WARN_UNUSED_FUNCTION = YES;
				GCC_WARN_UNUSED_VARIABLE = YES;
				IPHONEOS_DEPLOYMENT_TARGET = 8.0;
				MTL_ENABLE_DEBUG_INFO = YES;
				ONLY_ACTIVE_ARCH = YES;
				SDKROOT = iphoneos;
				SWIFT_OPTIMIZATION_LEVEL = "-Onone";
			};
			name = Debug;
		};
		A11303B319E3370200A55B6B /* Release */ = {
			isa = XCBuildConfiguration;
			buildSettings = {
				ALWAYS_SEARCH_USER_PATHS = NO;
				CLANG_CXX_LANGUAGE_STANDARD = "gnu++0x";
				CLANG_CXX_LIBRARY = "libc++";
				CLANG_ENABLE_MODULES = YES;
				CLANG_ENABLE_OBJC_ARC = YES;
				CLANG_WARN_BOOL_CONVERSION = YES;
				CLANG_WARN_CONSTANT_CONVERSION = YES;
				CLANG_WARN_DIRECT_OBJC_ISA_USAGE = YES_ERROR;
				CLANG_WARN_EMPTY_BODY = YES;
				CLANG_WARN_ENUM_CONVERSION = YES;
				CLANG_WARN_INT_CONVERSION = YES;
				CLANG_WARN_OBJC_ROOT_CLASS = YES_ERROR;
				CLANG_WARN_UNREACHABLE_CODE = YES;
				CLANG_WARN__DUPLICATE_METHOD_MATCH = YES;
				"CODE_SIGN_IDENTITY[sdk=iphoneos*]" = "iPhone Developer";
				COPY_PHASE_STRIP = YES;
				ENABLE_NS_ASSERTIONS = NO;
				ENABLE_STRICT_OBJC_MSGSEND = YES;
				GCC_C_LANGUAGE_STANDARD = gnu99;
				GCC_WARN_64_TO_32_BIT_CONVERSION = YES;
				GCC_WARN_ABOUT_RETURN_TYPE = YES_ERROR;
				GCC_WARN_UNDECLARED_SELECTOR = YES;
				GCC_WARN_UNINITIALIZED_AUTOS = YES_AGGRESSIVE;
				GCC_WARN_UNUSED_FUNCTION = YES;
				GCC_WARN_UNUSED_VARIABLE = YES;
				IPHONEOS_DEPLOYMENT_TARGET = 8.0;
				MTL_ENABLE_DEBUG_INFO = NO;
				SDKROOT = iphoneos;
				VALIDATE_PRODUCT = YES;
			};
			name = Release;
		};
		A11303B519E3370200A55B6B /* Debug */ = {
			isa = XCBuildConfiguration;
			buildSettings = {
				ASSETCATALOG_COMPILER_APPICON_NAME = AppIcon;
				INFOPLIST_FILE = WebContent/Info.plist;
				LD_RUNPATH_SEARCH_PATHS = "$(inherited) @executable_path/Frameworks";
				PRODUCT_NAME = "$(TARGET_NAME)";
			};
			name = Debug;
		};
		A11303B619E3370200A55B6B /* Release */ = {
			isa = XCBuildConfiguration;
			buildSettings = {
				ASSETCATALOG_COMPILER_APPICON_NAME = AppIcon;
				INFOPLIST_FILE = WebContent/Info.plist;
				LD_RUNPATH_SEARCH_PATHS = "$(inherited) @executable_path/Frameworks";
				PRODUCT_NAME = "$(TARGET_NAME)";
			};
			name = Release;
		};
		A11303B819E3370200A55B6B /* Debug */ = {
			isa = XCBuildConfiguration;
			buildSettings = {
				BUNDLE_LOADER = "$(TEST_HOST)";
				FRAMEWORK_SEARCH_PATHS = (
					"$(SDKROOT)/Developer/Library/Frameworks",
					"$(inherited)",
				);
				GCC_PREPROCESSOR_DEFINITIONS = (
					"DEBUG=1",
					"$(inherited)",
				);
				INFOPLIST_FILE = WebContentTests/Info.plist;
				LD_RUNPATH_SEARCH_PATHS = "$(inherited) @executable_path/Frameworks @loader_path/Frameworks";
				PRODUCT_NAME = "$(TARGET_NAME)";
				TEST_HOST = "$(BUILT_PRODUCTS_DIR)/WebContent.app/WebContent";
			};
			name = Debug;
		};
		A11303B919E3370200A55B6B /* Release */ = {
			isa = XCBuildConfiguration;
			buildSettings = {
				BUNDLE_LOADER = "$(TEST_HOST)";
				FRAMEWORK_SEARCH_PATHS = (
					"$(SDKROOT)/Developer/Library/Frameworks",
					"$(inherited)",
				);
				INFOPLIST_FILE = WebContentTests/Info.plist;
				LD_RUNPATH_SEARCH_PATHS = "$(inherited) @executable_path/Frameworks @loader_path/Frameworks";
				PRODUCT_NAME = "$(TARGET_NAME)";
				TEST_HOST = "$(BUILT_PRODUCTS_DIR)/WebContent.app/WebContent";
			};
			name = Release;
		};
/* End XCBuildConfiguration section */

/* Begin XCConfigurationList section */
		A113039019E3370200A55B6B /* Build configuration list for PBXProject "WebContent" */ = {
			isa = XCConfigurationList;
			buildConfigurations = (
				A11303B219E3370200A55B6B /* Debug */,
				A11303B319E3370200A55B6B /* Release */,
			);
			defaultConfigurationIsVisible = 0;
			defaultConfigurationName = Release;
		};
		A11303B419E3370200A55B6B /* Build configuration list for PBXNativeTarget "WebContent" */ = {
			isa = XCConfigurationList;
			buildConfigurations = (
				A11303B519E3370200A55B6B /* Debug */,
				A11303B619E3370200A55B6B /* Release */,
			);
			defaultConfigurationIsVisible = 0;
		};
		A11303B719E3370200A55B6B /* Build configuration list for PBXNativeTarget "WebContentTests" */ = {
			isa = XCConfigurationList;
			buildConfigurations = (
				A11303B819E3370200A55B6B /* Debug */,
				A11303B919E3370200A55B6B /* Release */,
			);
			defaultConfigurationIsVisible = 0;
		};
/* End XCConfigurationList section */
	};
	rootObject = A113038D19E3370200A55B6B /* Project object */;
}
